{
  "nodes": {
    "flakeNimbleLib": {
      "inputs": {
        "nixpkgs": [
          "nixpkgs"
        ]
      },
      "locked": {
        "lastModified": 1662018438,
        "narHash": "sha256-QtNtU6+LX3Wokxf0zlFwKTFOcn6TeDjKQZ+DA9OYtvM=",
        "owner": "riinr",
        "repo": "nim-flakes-lib",
        "rev": "b1fe8340736e3a85d25c709ac3dfd82a55c03cbf",
        "type": "github"
      },
      "original": {
        "owner": "riinr",
        "ref": "master",
        "repo": "nim-flakes-lib",
        "type": "github"
      }
    },
    "github-2vg-mofuhttputils": {
      "inputs": {
        "flakeNimbleLib": [
          "flakeNimbleLib"
        ],
        "nixpkgs": [
          "nixpkgs"
        ],
        "src-mofuhttputils-master": "src-mofuhttputils-master"
      },
      "locked": {
        "dir": "master",
        "lastModified": 1667322304,
        "narHash": "sha256-t/yTT7UCa8/IacSo0pkYr+taQex1CDNU3WdNNKitGU4=",
        "owner": "nim-nix-pkgs",
        "repo": "github-2vg-mofuhttputils",
        "rev": "2c38e028e000a6692b6870f63a2c5873db8e3dd1",
        "type": "github"
      },
      "original": {
        "dir": "master",
        "owner": "nim-nix-pkgs",
        "ref": "master",
        "repo": "github-2vg-mofuhttputils",
        "type": "github"
      }
    },
    "github-2vg-mofuparser": {
      "inputs": {
        "flakeNimbleLib": [
          "flakeNimbleLib"
        ],
        "nixpkgs": [
          "nixpkgs"
        ],
        "src-mofuparser-master": "src-mofuparser-master"
      },
      "locked": {
        "dir": "master",
        "lastModified": 1667322305,
        "narHash": "sha256-hpr9U3lqU6++RLfvHP1JxUT4zy9Yu22PNPsK6l7Nx1Q=",
        "owner": "nim-nix-pkgs",
        "repo": "github-2vg-mofuparser",
        "rev": "7e5611717e90a286a1913ca64905b6f46c11609c",
        "type": "github"
      },
      "original": {
        "dir": "master",
        "owner": "nim-nix-pkgs",
        "ref": "master",
        "repo": "github-2vg-mofuparser",
        "type": "github"
      }
    },
    "nixpkgs": {
      "locked": {
        "lastModified": 1667199707,
        "narHash": "sha256-I2Js3Y7gUyVSEXPULHlBoRek4Lh85vnevdS6mdvDNLI=",
        "owner": "NixOS",
        "repo": "nixpkgs",
        "rev": "ced197be72099edcfa68ebed8b87af7b04851f45",
        "type": "github"
      },
      "original": {
        "id": "nixpkgs",
        "type": "indirect"
      }
    },
    "root": {
      "inputs": {
        "flakeNimbleLib": "flakeNimbleLib",
        "github-2vg-mofuhttputils": "github-2vg-mofuhttputils",
        "github-2vg-mofuparser": "github-2vg-mofuparser",
        "nixpkgs": "nixpkgs",
        "src-mofuw-devel": "src-mofuw-devel"
      }
    },
    "src-mofuhttputils-master": {
      "flake": false,
      "locked": {
        "lastModified": 1545360468,
        "narHash": "sha256-annYsQOdNWuGg/x3Twgi3T06dkwpP0Bw+AmHCXMlN5M=",
        "owner": "2vg",
        "repo": "mofuhttputils",
        "rev": "6f9e1fa2ecf0d1e2fc040b28ee7b2e0b198fb67f",
        "type": "github"
      },
      "original": {
        "owner": "2vg",
        "ref": "refs/heads/master",
        "repo": "mofuhttputils",
        "type": "github"
      }
    },
    "src-mofuparser-master": {
      "flake": false,
      "locked": {
        "lastModified": 1545184507,
        "narHash": "sha256-/++EiTA92RPT6pKgne6OvvTkAfAzLocUiklt4HxCkBI=",
        "owner": "2vg",
        "repo": "mofuparser",
        "rev": "554a820040ebec1ec18c4a6986c7e92837dd1dd0",
        "type": "github"
      },
      "original": {
        "owner": "2vg",
        "ref": "refs/heads/master",
        "repo": "mofuparser",
        "type": "github"
      }
    },
    "src-mofuw-devel": {
      "flake": false,
      "locked": {
        "lastModified": 1531799608,
        "narHash": "sha256-Ao1ypef5OWptWele3P4Z13qWsELFqEic2OPzAsaR0Xw=",
        "owner": "2vg",
        "repo": "mofuw",
        "rev": "4e72a453f348ddbf29f178d43fbb18abdb5614c3",
        "type": "github"
      },
      "original": {
        "owner": "2vg",
        "ref": "refs/heads/devel",
        "repo": "mofuw",
        "type": "github"
      }
    }
  },
  "root": "root",
  "version": 7
}
